
Microsoft Visual Studio Solution File, Format Version 12.00
# Visual Studio 2013
VisualStudioVersion = 12.0.31101.0
MinimumVisualStudioVersion = 10.0.40219.1
Project("{FAE04EC0-301F-11D3-BF4B-00C04F79EFBC}") = "TestSite", "TestSite\TestSite.csproj", "{EFBDDA43-D0B6-4F2C-A2F0-CD1A41FB846F}"
EndProject
Global
	GlobalSection(SolutionConfigurationPlatforms) = preSolution
		Debug|Any CPU = Debug|Any CPU
		Release|Any CPU = Release|Any CPU
	EndGlobalSection
	GlobalSection(ProjectConfigurationPlatforms) = postSolution
		{EFBDDA43-D0B6-4F2C-A2F0-CD1A41FB846F}.Debug|Any CPU.ActiveCfg = Debug|Any CPU
		{EFBDDA43-D0B6-4F2C-A2F0-CD1A41FB846F}.Debug|Any CPU.Build.0 = Debug|Any CPU
		{EFBDDA43-D0B6-4F2C-A2F0-CD1A41FB846F}.Release|Any CPU.ActiveCfg = Release|Any CPU
		{EFBDDA43-D0B6-4F2C-A2F0-CD1A41FB846F}.Release|Any CPU.Build.0 = Release|Any CPU
	EndGlobalSection
	GlobalSection(SolutionProperties) = preSolution
		HideSolutionNode = FALSE
	EndGlobalSection
EndGlobal
